// !$*UTF8*$!
{
	archiveVersion = 1;
	classes = {
	};
	objectVersion = 55;
	objects = {

/* Begin PBXBuildFile section */
		38D123B927FE730F003E1BFD /* AppDelegate.swift in Sources */ = {isa = PBXBuildFile; fileRef = 38D123B827FE730F003E1BFD /* AppDelegate.swift */; };
		38D123BB27FE730F003E1BFD /* SceneDelegate.swift in Sources */ = {isa = PBXBuildFile; fileRef = 38D123BA27FE730F003E1BFD /* SceneDelegate.swift */; };
		38D123BD27FE730F003E1BFD /* ViewController.swift in Sources */ = {isa = PBXBuildFile; fileRef = 38D123BC27FE730F003E1BFD /* ViewController.swift */; };
		38D123C027FE730F003E1BFD /* Main.storyboard in Resources */ = {isa = PBXBuildFile; fileRef = 38D123BE27FE730F003E1BFD /* Main.storyboard */; };
		38D123C227FE7311003E1BFD /* Assets.xcassets in Resources */ = {isa = PBXBuildFile; fileRef = 38D123C127FE7311003E1BFD /* Assets.xcassets */; };
		38D123C527FE7311003E1BFD /* LaunchScreen.storyboard in Resources */ = {isa = PBXBuildFile; fileRef = 38D123C327FE7311003E1BFD /* LaunchScreen.storyboard */; };
		38D123D027FE7311003E1BFD /* TableviewExampleTests.swift in Sources */ = {isa = PBXBuildFile; fileRef = 38D123CF27FE7311003E1BFD /* TableviewExampleTests.swift */; };
		38D123DA27FE7312003E1BFD /* TableviewExampleUITests.swift in Sources */ = {isa = PBXBuildFile; fileRef = 38D123D927FE7312003E1BFD /* TableviewExampleUITests.swift */; };
		38D123DC27FE7312003E1BFD /* TableviewExampleUITestsLaunchTests.swift in Sources */ = {isa = PBXBuildFile; fileRef = 38D123DB27FE7312003E1BFD /* TableviewExampleUITestsLaunchTests.swift */; };
		38D123EE27FFA83B003E1BFD /* NumberTableViewCell.swift in Sources */ = {isa = PBXBuildFile; fileRef = 38D123EC27FFA83B003E1BFD /* NumberTableViewCell.swift */; };
		38D123EF27FFA83B003E1BFD /* NumberTableViewCell.xib in Resources */ = {isa = PBXBuildFile; fileRef = 38D123ED27FFA83B003E1BFD /* NumberTableViewCell.xib */; };
/* End PBXBuildFile section */

/* Begin PBXContainerItemProxy section */
		38D123CC27FE7311003E1BFD /* PBXContainerItemProxy */ = {
			isa = PBXContainerItemProxy;
			containerPortal = 38D123AD27FE730F003E1BFD /* Project object */;
			proxyType = 1;
			remoteGlobalIDString = 38D123B427FE730F003E1BFD;
			remoteInfo = TableviewExample;
		};
		38D123D627FE7312003E1BFD /* PBXContainerItemProxy */ = {
			isa = PBXContainerItemProxy;
			containerPortal = 38D123AD27FE730F003E1BFD /* Project object */;
			proxyType = 1;
			remoteGlobalIDString = 38D123B427FE730F003E1BFD;
			remoteInfo = TableviewExample;
		};
/* End PBXContainerItemProxy section */

/* Begin PBXFileReference section */
		38D123B527FE730F003E1BFD /* TableviewExample.app */ = {isa = PBXFileReference; explicitFileType = wrapper.application; includeInIndex = 0; path = TableviewExample.app; sourceTree = BUILT_PRODUCTS_DIR; };
		38D123B827FE730F003E1BFD /* AppDelegate.swift */ = {isa = PBXFileReference; lastKnownFileType = sourcecode.swift; path = AppDelegate.swift; sourceTree = "<group>"; };
		38D123BA27FE730F003E1BFD /* SceneDelegate.swift */ = {isa = PBXFileReference; lastKnownFileType = sourcecode.swift; path = SceneDelegate.swift; sourceTree = "<group>"; };
		38D123BC27FE730F003E1BFD /* ViewController.swift */ = {isa = PBXFileReference; lastKnownFileType = sourcecode.swift; path = ViewController.swift; sourceTree = "<group>"; };
		38D123BF27FE730F003E1BFD /* Base */ = {isa = PBXFileReference; lastKnownFileType = file.storyboard; name = Base; path = Base.lproj/Main.storyboard; sourceTree = "<group>"; };
		38D123C127FE7311003E1BFD /* Assets.xcassets */ = {isa = PBXFileReference; lastKnownFileType = folder.assetcatalog; path = Assets.xcassets; sourceTree = "<group>"; };
		38D123C427FE7311003E1BFD /* Base */ = {isa = PBXFileReference; lastKnownFileType = file.storyboard; name = Base; path = Base.lproj/LaunchScreen.storyboard; sourceTree = "<group>"; };
		38D123C627FE7311003E1BFD /* Info.plist */ = {isa = PBXFileReference; lastKnownFileType = text.plist.xml; path = Info.plist; sourceTree = "<group>"; };
		38D123CB27FE7311003E1BFD /* TableviewExampleTests.xctest */ = {isa = PBXFileReference; explicitFileType = wrapper.cfbundle; includeInIndex = 0; path = TableviewExampleTests.xctest; sourceTree = BUILT_PRODUCTS_DIR; };
		38D123CF27FE7311003E1BFD /* TableviewExampleTests.swift */ = {isa = PBXFileReference; lastKnownFileType = sourcecode.swift; path = TableviewExampleTests.swift; sourceTree = "<group>"; };
		38D123D527FE7312003E1BFD /* TableviewExampleUITests.xctest */ = {isa = PBXFileReference; explicitFileType = wrapper.cfbundle; includeInIndex = 0; path = TableviewExampleUITests.xctest; sourceTree = BUILT_PRODUCTS_DIR; };
		38D123D927FE7312003E1BFD /* TableviewExampleUITests.swift */ = {isa = PBXFileReference; lastKnownFileType = sourcecode.swift; path = TableviewExampleUITests.swift; sourceTree = "<group>"; };
		38D123DB27FE7312003E1BFD /* TableviewExampleUITestsLaunchTests.swift */ = {isa = PBXFileReference; lastKnownFileType = sourcecode.swift; path = TableviewExampleUITestsLaunchTests.swift; sourceTree = "<group>"; };
		38D123EC27FFA83B003E1BFD /* NumberTableViewCell.swift */ = {isa = PBXFileReference; lastKnownFileType = sourcecode.swift; path = NumberTableViewCell.swift; sourceTree = "<group>"; };
		38D123ED27FFA83B003E1BFD /* NumberTableViewCell.xib */ = {isa = PBXFileReference; lastKnownFileType = file.xib; path = NumberTableViewCell.xib; sourceTree = "<group>"; };
/* End PBXFileReference section */

/* Begin PBXFrameworksBuildPhase section */
		38D123B227FE730F003E1BFD /* Frameworks */ = {
			isa = PBXFrameworksBuildPhase;
			buildActionMask = 2147483647;
			files = (
			);
			runOnlyForDeploymentPostprocessing = 0;
		};
		38D123C827FE7311003E1BFD /* Frameworks */ = {
			isa = PBXFrameworksBuildPhase;
			buildActionMask = 2147483647;
			files = (
			);
			runOnlyForDeploymentPostprocessing = 0;
		};
		38D123D227FE7312003E1BFD /* Frameworks */ = {
			isa = PBXFrameworksBuildPhase;
			buildActionMask = 2147483647;
			files = (
			);
			runOnlyForDeploymentPostprocessing = 0;
		};
/* End PBXFrameworksBuildPhase section */

/* Begin PBXGroup section */
		38D123AC27FE730F003E1BFD = {
			isa = PBXGroup;
			children = (
				38D123B727FE730F003E1BFD /* TableviewExample */,
				38D123CE27FE7311003E1BFD /* TableviewExampleTests */,
				38D123D827FE7312003E1BFD /* TableviewExampleUITests */,
				38D123B627FE730F003E1BFD /* Products */,
			);
			sourceTree = "<group>";
		};
		38D123B627FE730F003E1BFD /* Products */ = {
			isa = PBXGroup;
			children = (
				38D123B527FE730F003E1BFD /* TableviewExample.app */,
				38D123CB27FE7311003E1BFD /* TableviewExampleTests.xctest */,
				38D123D527FE7312003E1BFD /* TableviewExampleUITests.xctest */,
			);
			name = Products;
			sourceTree = "<group>";
		};
		38D123B727FE730F003E1BFD /* TableviewExample */ = {
			isa = PBXGroup;
			children = (
				38D123B827FE730F003E1BFD /* AppDelegate.swift */,
				38D123BA27FE730F003E1BFD /* SceneDelegate.swift */,
				38D123BC27FE730F003E1BFD /* ViewController.swift */,
				38D123BE27FE730F003E1BFD /* Main.storyboard */,
				38D123EC27FFA83B003E1BFD /* NumberTableViewCell.swift */,
				38D123ED27FFA83B003E1BFD /* NumberTableViewCell.xib */,
				38D123C127FE7311003E1BFD /* Assets.xcassets */,
				38D123C327FE7311003E1BFD /* LaunchScreen.storyboard */,
				38D123C627FE7311003E1BFD /* Info.plist */,
			);
			path = TableviewExample;
			sourceTree = "<group>";
		};
		38D123CE27FE7311003E1BFD /* TableviewExampleTests */ = {
			isa = PBXGroup;
			children = (
				38D123CF27FE7311003E1BFD /* TableviewExampleTests.swift */,
			);
			path = TableviewExampleTests;
			sourceTree = "<group>";
		};
		38D123D827FE7312003E1BFD /* TableviewExampleUITests */ = {
			isa = PBXGroup;
			children = (
				38D123D927FE7312003E1BFD /* TableviewExampleUITests.swift */,
				38D123DB27FE7312003E1BFD /* TableviewExampleUITestsLaunchTests.swift */,
			);
			path = TableviewExampleUITests;
			sourceTree = "<group>";
		};
/* End PBXGroup section */

/* Begin PBXNativeTarget section */
		38D123B427FE730F003E1BFD /* TableviewExample */ = {
			isa = PBXNativeTarget;
			buildConfigurationList = 38D123DF27FE7312003E1BFD /* Build configuration list for PBXNativeTarget "TableviewExample" */;
			buildPhases = (
				38D123B127FE730F003E1BFD /* Sources */,
				38D123B227FE730F003E1BFD /* Frameworks */,
				38D123B327FE730F003E1BFD /* Resources */,
			);
			buildRules = (
			);
			dependencies = (
			);
			name = TableviewExample;
			productName = TableviewExample;
			productReference = 38D123B527FE730F003E1BFD /* TableviewExample.app */;
			productType = "com.apple.product-type.application";
		};
		38D123CA27FE7311003E1BFD /* TableviewExampleTests */ = {
			isa = PBXNativeTarget;
			buildConfigurationList = 38D123E227FE7312003E1BFD /* Build configuration list for PBXNativeTarget "TableviewExampleTests" */;
			buildPhases = (
				38D123C727FE7311003E1BFD /* Sources */,
				38D123C827FE7311003E1BFD /* Frameworks */,
				38D123C927FE7311003E1BFD /* Resources */,
			);
			buildRules = (
			);
			dependencies = (
				38D123CD27FE7311003E1BFD /* PBXTargetDependency */,
			);
			name = TableviewExampleTests;
			productName = TableviewExampleTests;
			productReference = 38D123CB27FE7311003E1BFD /* TableviewExampleTests.xctest */;
			productType = "com.apple.product-type.bundle.unit-test";
		};
		38D123D427FE7312003E1BFD /* TableviewExampleUITests */ = {
			isa = PBXNativeTarget;
			buildConfigurationList = 38D123E527FE7312003E1BFD /* Build configuration list for PBXNativeTarget "TableviewExampleUITests" */;
			buildPhases = (
				38D123D127FE7312003E1BFD /* Sources */,
				38D123D227FE7312003E1BFD /* Frameworks */,
				38D123D327FE7312003E1BFD /* Resources */,
			);
			buildRules = (
			);
			dependencies = (
				38D123D727FE7312003E1BFD /* PBXTargetDependency */,
			);
			name = TableviewExampleUITests;
			productName = TableviewExampleUITests;
			productReference = 38D123D527FE7312003E1BFD /* TableviewExampleUITests.xctest */;
			productType = "com.apple.product-type.bundle.ui-testing";
		};
/* End PBXNativeTarget section */

/* Begin PBXProject section */
		38D123AD27FE730F003E1BFD /* Project object */ = {
			isa = PBXProject;
			attributes = {
				BuildIndependentTargetsInParallel = 1;
				LastSwiftUpdateCheck = 1330;
				LastUpgradeCheck = 1330;
				TargetAttributes = {
					38D123B427FE730F003E1BFD = {
						CreatedOnToolsVersion = 13.3;
					};
					38D123CA27FE7311003E1BFD = {
						CreatedOnToolsVersion = 13.3;
						TestTargetID = 38D123B427FE730F003E1BFD;
					};
					38D123D427FE7312003E1BFD = {
						CreatedOnToolsVersion = 13.3;
						TestTargetID = 38D123B427FE730F003E1BFD;
					};
				};
			};
			buildConfigurationList = 38D123B027FE730F003E1BFD /* Build configuration list for PBXProject "TableviewExample" */;
			compatibilityVersion = "Xcode 13.0";
			developmentRegion = en;
			hasScannedForEncodings = 0;
			knownRegions = (
				en,
				Base,
			);
			mainGroup = 38D123AC27FE730F003E1BFD;
			productRefGroup = 38D123B627FE730F003E1BFD /* Products */;
			projectDirPath = "";
			projectRoot = "";
			targets = (
				38D123B427FE730F003E1BFD /* TableviewExample */,
				38D123CA27FE7311003E1BFD /* TableviewExampleTests */,
				38D123D427FE7312003E1BFD /* TableviewExampleUITests */,
			);
		};
/* End PBXProject section */

/* Begin PBXResourcesBuildPhase section */
		38D123B327FE730F003E1BFD /* Resources */ = {
			isa = PBXResourcesBuildPhase;
			buildActionMask = 2147483647;
			files = (
				38D123EF27FFA83B003E1BFD /* NumberTableViewCell.xib in Resources */,
				38D123C527FE7311003E1BFD /* LaunchScreen.storyboard in Resources */,
				38D123C227FE7311003E1BFD /* Assets.xcassets in Resources */,
				38D123C027FE730F003E1BFD /* Main.storyboard in Resources */,
			);
			runOnlyForDeploymentPostprocessing = 0;
		};
		38D123C927FE7311003E1BFD /* Resources */ = {
			isa = PBXResourcesBuildPhase;
			buildActionMask = 2147483647;
			files = (
			);
			runOnlyForDeploymentPostprocessing = 0;
		};
		38D123D327FE7312003E1BFD /* Resources */ = {
			isa = PBXResourcesBuildPhase;
			buildActionMask = 2147483647;
			files = (
			);
			runOnlyForDeploymentPostprocessing = 0;
		};
/* End PBXResourcesBuildPhase section */

/* Begin PBXSourcesBuildPhase section */
		38D123B127FE730F003E1BFD /* Sources */ = {
			isa = PBXSourcesBuildPhase;
			buildActionMask = 2147483647;
			files = (
				38D123EE27FFA83B003E1BFD /* NumberTableViewCell.swift in Sources */,
				38D123BD27FE730F003E1BFD /* ViewController.swift in Sources */,
				38D123B927FE730F003E1BFD /* AppDelegate.swift in Sources */,
				38D123BB27FE730F003E1BFD /* SceneDelegate.swift in Sources */,
			);
			runOnlyForDeploymentPostprocessing = 0;
		};
		38D123C727FE7311003E1BFD /* Sources */ = {
			isa = PBXSourcesBuildPhase;
			buildActionMask = 2147483647;
			files = (
				38D123D027FE7311003E1BFD /* TableviewExampleTests.swift in Sources */,
			);
			runOnlyForDeploymentPostprocessing = 0;
		};
		38D123D127FE7312003E1BFD /* Sources */ = {
			isa = PBXSourcesBuildPhase;
			buildActionMask = 2147483647;
			files = (
				38D123DA27FE7312003E1BFD /* TableviewExampleUITests.swift in Sources */,
				38D123DC27FE7312003E1BFD /* TableviewExampleUITestsLaunchTests.swift in Sources */,
			);
			runOnlyForDeploymentPostprocessing = 0;
		};
/* End PBXSourcesBuildPhase section */

/* Begin PBXTargetDependency section */
		38D123CD27FE7311003E1BFD /* PBXTargetDependency */ = {
			isa = PBXTargetDependency;
			target = 38D123B427FE730F003E1BFD /* TableviewExample */;
			targetProxy = 38D123CC27FE7311003E1BFD /* PBXContainerItemProxy */;
		};
		38D123D727FE7312003E1BFD /* PBXTargetDependency */ = {
			isa = PBXTargetDependency;
			target = 38D123B427FE730F003E1BFD /* TableviewExample */;
			targetProxy = 38D123D627FE7312003E1BFD /* PBXContainerItemProxy */;
		};
/* End PBXTargetDependency section */

/* Begin PBXVariantGroup section */
		38D123BE27FE730F003E1BFD /* Main.storyboard */ = {
			isa = PBXVariantGroup;
			children = (
				38D123BF27FE730F003E1BFD /* Base */,
			);
			name = Main.storyboard;
			sourceTree = "<group>";
		};
		38D123C327FE7311003E1BFD /* LaunchScreen.storyboard */ = {
			isa = PBXVariantGroup;
			children = (
				38D123C427FE7311003E1BFD /* Base */,
			);
			name = LaunchScreen.storyboard;
			sourceTree = "<group>";
		};
/* End PBXVariantGroup section */

/* Begin XCBuildConfiguration section */
		38D123DD27FE7312003E1BFD /* Debug */ = {
			isa = XCBuildConfiguration;
			buildSettings = {
				ALWAYS_SEARCH_USER_PATHS = NO;
				CLANG_ANALYZER_NONNULL = YES;
				CLANG_ANALYZER_NUMBER_OBJECT_CONVERSION = YES_AGGRESSIVE;
				CLANG_CXX_LANGUAGE_STANDARD = "gnu++17";
				CLANG_ENABLE_MODULES = YES;
				CLANG_ENABLE_OBJC_ARC = YES;
				CLANG_ENABLE_OBJC_WEAK = YES;
				CLANG_WARN_BLOCK_CAPTURE_AUTORELEASING = YES;
				CLANG_WARN_BOOL_CONVERSION = YES;
				CLANG_WARN_COMMA = YES;
				CLANG_WARN_CONSTANT_CONVERSION = YES;
				CLANG_WARN_DEPRECATED_OBJC_IMPLEMENTATIONS = YES;
				CLANG_WARN_DIRECT_OBJC_ISA_USAGE = YES_ERROR;
				CLANG_WARN_DOCUMENTATION_COMMENTS = YES;
				CLANG_WARN_EMPTY_BODY = YES;
				CLANG_WARN_ENUM_CONVERSION = YES;
				CLANG_WARN_INFINITE_RECURSION = YES;
				CLANG_WARN_INT_CONVERSION = YES;
				CLANG_WARN_NON_LITERAL_NULL_CONVERSION = YES;
				CLANG_WARN_OBJC_IMPLICIT_RETAIN_SELF = YES;
				CLANG_WARN_OBJC_LITERAL_CONVERSION = YES;
				CLANG_WARN_OBJC_ROOT_CLASS = YES_ERROR;
				CLANG_WARN_QUOTED_INCLUDE_IN_FRAMEWORK_HEADER = YES;
				CLANG_WARN_RANGE_LOOP_ANALYSIS = YES;
				CLANG_WARN_STRICT_PROTOTYPES = YES;
				CLANG_WARN_SUSPICIOUS_MOVE = YES;
				CLANG_WARN_UNGUARDED_AVAILABILITY = YES_AGGRESSIVE;
				CLANG_WARN_UNREACHABLE_CODE = YES;
				CLANG_WARN__DUPLICATE_METHOD_MATCH = YES;
				COPY_PHASE_STRIP = NO;
				DEBUG_INFORMATION_FORMAT = dwarf;
				ENABLE_STRICT_OBJC_MSGSEND = YES;
				ENABLE_TESTABILITY = YES;
				GCC_C_LANGUAGE_STANDARD = gnu11;
				GCC_DYNAMIC_NO_PIC = NO;
				GCC_NO_COMMON_BLOCKS = YES;
				GCC_OPTIMIZATION_LEVEL = 0;
				GCC_PREPROCESSOR_DEFINITIONS = (
					"DEBUG=1",
					"$(inherited)",
				);
				GCC_WARN_64_TO_32_BIT_CONVERSION = YES;
				GCC_WARN_ABOUT_RETURN_TYPE = YES_ERROR;
				GCC_WARN_UNDECLARED_SELECTOR = YES;
				GCC_WARN_UNINITIALIZED_AUTOS = YES_AGGRESSIVE;
				GCC_WARN_UNUSED_FUNCTION = YES;
				GCC_WARN_UNUSED_VARIABLE = YES;
				IPHONEOS_DEPLOYMENT_TARGET = 15.4;
				MTL_ENABLE_DEBUG_INFO = INCLUDE_SOURCE;
				MTL_FAST_MATH = YES;
				ONLY_ACTIVE_ARCH = YES;
				SDKROOT = iphoneos;
				SWIFT_ACTIVE_COMPILATION_CONDITIONS = DEBUG;
				SWIFT_OPTIMIZATION_LEVEL = "-Onone";
			};
			name = Debug;
		};
		38D123DE27FE7312003E1BFD /* Release */ = {
			isa = XCBuildConfiguration;
			buildSettings = {
				ALWAYS_SEARCH_USER_PATHS = NO;
				CLANG_ANALYZER_NONNULL = YES;
				CLANG_ANALYZER_NUMBER_OBJECT_CONVERSION = YES_AGGRESSIVE;
				CLANG_CXX_LANGUAGE_STANDARD = "gnu++17";
				CLANG_ENABLE_MODULES = YES;
				CLANG_ENABLE_OBJC_ARC = YES;
				CLANG_ENABLE_OBJC_WEAK = YES;
				CLANG_WARN_BLOCK_CAPTURE_AUTORELEASING = YES;
				CLANG_WARN_BOOL_CONVERSION = YES;
				CLANG_WARN_COMMA = YES;
				CLANG_WARN_CONSTANT_CONVERSION = YES;
				CLANG_WARN_DEPRECATED_OBJC_IMPLEMENTATIONS = YES;
				CLANG_WARN_DIRECT_OBJC_ISA_USAGE = YES_ERROR;
				CLANG_WARN_DOCUMENTATION_COMMENTS = YES;
				CLANG_WARN_EMPTY_BODY = YES;
				CLANG_WARN_ENUM_CONVERSION = YES;
				CLANG_WARN_INFINITE_RECURSION = YES;
				CLANG_WARN_INT_CONVERSION = YES;
				CLANG_WARN_NON_LITERAL_NULL_CONVERSION = YES;
				CLANG_WARN_OBJC_IMPLICIT_RETAIN_SELF = YES;
				CLANG_WARN_OBJC_LITERAL_CONVERSION = YES;
				CLANG_WARN_OBJC_ROOT_CLASS = YES_ERROR;
				CLANG_WARN_QUOTED_INCLUDE_IN_FRAMEWORK_HEADER = YES;
				CLANG_WARN_RANGE_LOOP_ANALYSIS = YES;
				CLANG_WARN_STRICT_PROTOTYPES = YES;
				CLANG_WARN_SUSPICIOUS_MOVE = YES;
				CLANG_WARN_UNGUARDED_AVAILABILITY = YES_AGGRESSIVE;
				CLANG_WARN_UNREACHABLE_CODE = YES;
				CLANG_WARN__DUPLICATE_METHOD_MATCH = YES;
				COPY_PHASE_STRIP = NO;
				DEBUG_INFORMATION_FORMAT = "dwarf-with-dsym";
				ENABLE_NS_ASSERTIONS = NO;
				ENABLE_STRICT_OBJC_MSGSEND = YES;
				GCC_C_LANGUAGE_STANDARD = gnu11;
				GCC_NO_COMMON_BLOCKS = YES;
				GCC_WARN_64_TO_32_BIT_CONVERSION = YES;
				GCC_WARN_ABOUT_RETURN_TYPE = YES_ERROR;
				GCC_WARN_UNDECLARED_SELECTOR = YES;
				GCC_WARN_UNINITIALIZED_AUTOS = YES_AGGRESSIVE;
				GCC_WARN_UNUSED_FUNCTION = YES;
				GCC_WARN_UNUSED_VARIABLE = YES;
				IPHONEOS_DEPLOYMENT_TARGET = 15.4;
				MTL_ENABLE_DEBUG_INFO = NO;
				MTL_FAST_MATH = YES;
				SDKROOT = iphoneos;
				SWIFT_COMPILATION_MODE = wholemodule;
				SWIFT_OPTIMIZATION_LEVEL = "-O";
				VALIDATE_PRODUCT = YES;
			};
			name = Release;
		};
		38D123E027FE7312003E1BFD /* Debug */ = {
			isa = XCBuildConfiguration;
			buildSettings = {
				ASSETCATALOG_COMPILER_APPICON_NAME = AppIcon;
				ASSETCATALOG_COMPILER_GLOBAL_ACCENT_COLOR_NAME = AccentColor;
				CODE_SIGN_STYLE = Automatic;
				CURRENT_PROJECT_VERSION = 1;
				GENERATE_INFOPLIST_FILE = YES;
				INFOPLIST_FILE = TableviewExample/Info.plist;
				INFOPLIST_KEY_UIApplicationSupportsIndirectInputEvents = YES;
				INFOPLIST_KEY_UILaunchStoryboardName = LaunchScreen;
				INFOPLIST_KEY_UIMainStoryboardFile = Main;
				INFOPLIST_KEY_UISupportedInterfaceOrientations_iPad = "UIInterfaceOrientationPortrait UIInterfaceOrientationPortraitUpsideDown UIInterfaceOrientationLandscapeLeft UIInterfaceOrientationLandscapeRight";
				INFOPLIST_KEY_UISupportedInterfaceOrientations_iPhone = "UIInterfaceOrientationPortrait UIInterfaceOrientationLandscapeLeft UIInterfaceOrientationLandscapeRight";
				LD_RUNPATH_SEARCH_PATHS = (
					"$(inherited)",
					"@executable_path/Frameworks",
				);
				MARKETING_VERSION = 1.0;
				PRODUCT_BUNDLE_IDENTIFIER = test.TableviewExample;
				PRODUCT_NAME = "$(TARGET_NAME)";
				SWIFT_EMIT_LOC_STRINGS = YES;
				SWIFT_VERSION = 5.0;
				TARGETED_DEVICE_FAMILY = "1,2";
			};
			name = Debug;
		};
		38D123E127FE7312003E1BFD /* Release */ = {
			isa = XCBuildConfiguration;
			buildSettings = {
				ASSETCATALOG_COMPILER_APPICON_NAME = AppIcon;
				ASSETCATALOG_COMPILER_GLOBAL_ACCENT_COLOR_NAME = AccentColor;
				CODE_SIGN_STYLE = Automatic;
				CURRENT_PROJECT_VERSION = 1;
				GENERATE_INFOPLIST_FILE = YES;
				INFOPLIST_FILE = TableviewExample/Info.plist;
				INFOPLIST_KEY_UIApplicationSupportsIndirectInputEvents = YES;
				INFOPLIST_KEY_UILaunchStoryboardName = LaunchScreen;
				INFOPLIST_KEY_UIMainStoryboardFile = Main;
				INFOPLIST_KEY_UISupportedInterfaceOrientations_iPad = "UIInterfaceOrientationPortrait UIInterfaceOrientationPortraitUpsideDown UIInterfaceOrientationLandscapeLeft UIInterfaceOrientationLandscapeRight";
				INFOPLIST_KEY_UISupportedInterfaceOrientations_iPhone = "UIInterfaceOrientationPortrait UIInterfaceOrientationLandscapeLeft UIInterfaceOrientationLandscapeRight";
				LD_RUNPATH_SEARCH_PATHS = (
					"$(inherited)",
					"@executable_path/Frameworks",
				);
				MARKETING_VERSION = 1.0;
				PRODUCT_BUNDLE_IDENTIFIER = test.TableviewExample;
				PRODUCT_NAME = "$(TARGET_NAME)";
				SWIFT_EMIT_LOC_STRINGS = YES;
				SWIFT_VERSION = 5.0;
				TARGETED_DEVICE_FAMILY = "1,2";
			};
			name = Release;
		};
		38D123E327FE7312003E1BFD /* Debug */ = {
			isa = XCBuildConfiguration;
			buildSettings = {
				ALWAYS_EMBED_SWIFT_STANDARD_LIBRARIES = YES;
				BUNDLE_LOADER = "$(TEST_HOST)";
				CODE_SIGN_STYLE = Automatic;
				CURRENT_PROJECT_VERSION = 1;
				GENERATE_INFOPLIST_FILE = YES;
				IPHONEOS_DEPLOYMENT_TARGET = 15.4;
				MARKETING_VERSION = 1.0;
				PRODUCT_BUNDLE_IDENTIFIER = test.TableviewExampleTests;
				PRODUCT_NAME = "$(TARGET_NAME)";
				SWIFT_EMIT_LOC_STRINGS = NO;
				SWIFT_VERSION = 5.0;
				TARGETED_DEVICE_FAMILY = "1,2";
				TEST_HOST = "$(BUILT_PRODUCTS_DIR)/TableviewExample.app/TableviewExample";
			};
			name = Debug;
		};
		38D123E427FE7312003E1BFD /* Release */ = {
			isa = XCBuildConfiguration;
			buildSettings = {
				ALWAYS_EMBED_SWIFT_STANDARD_LIBRARIES = YES;
				BUNDLE_LOADER = "$(TEST_HOST)";
				CODE_SIGN_STYLE = Automatic;
				CURRENT_PROJECT_VERSION = 1;
				GENERATE_INFOPLIST_FILE = YES;
				IPHONEOS_DEPLOYMENT_TARGET = 15.4;
				MARKETING_VERSION = 1.0;
				PRODUCT_BUNDLE_IDENTIFIER = test.TableviewExampleTests;
				PRODUCT_NAME = "$(TARGET_NAME)";
				SWIFT_EMIT_LOC_STRINGS = NO;
				SWIFT_VERSION = 5.0;
				TARGETED_DEVICE_FAMILY = "1,2";
				TEST_HOST = "$(BUILT_PRODUCTS_DIR)/TableviewExample.app/TableviewExample";
			};
			name = Release;
		};
		38D123E627FE7312003E1BFD /* Debug */ = {
			isa = XCBuildConfiguration;
			buildSettings = {
				ALWAYS_EMBED_SWIFT_STANDARD_LIBRARIES = YES;
				CODE_SIGN_STYLE = Automatic;
				CURRENT_PROJECT_VERSION = 1;
				GENERATE_INFOPLIST_FILE = YES;
				MARKETING_VERSION = 1.0;
				PRODUCT_BUNDLE_IDENTIFIER = test.TableviewExampleUITests;
				PRODUCT_NAME = "$(TARGET_NAME)";
				SWIFT_EMIT_LOC_STRINGS = NO;
				SWIFT_VERSION = 5.0;
				TARGETED_DEVICE_FAMILY = "1,2";
				TEST_TARGET_NAME = TableviewExample;
			};
			name = Debug;
		};
		38D123E727FE7312003E1BFD /* Release */ = {
			isa = XCBuildConfiguration;
			buildSettings = {
				ALWAYS_EMBED_SWIFT_STANDARD_LIBRARIES = YES;
				CODE_SIGN_STYLE = Automatic;
				CURRENT_PROJECT_VERSION = 1;
				GENERATE_INFOPLIST_FILE = YES;
				MARKETING_VERSION = 1.0;
				PRODUCT_BUNDLE_IDENTIFIER = test.TableviewExampleUITests;
				PRODUCT_NAME = "$(TARGET_NAME)";
				SWIFT_EMIT_LOC_STRINGS = NO;
				SWIFT_VERSION = 5.0;
				TARGETED_DEVICE_FAMILY = "1,2";
				TEST_TARGET_NAME = TableviewExample;
			};
			name = Release;
		};
/* End XCBuildConfiguration section */

/* Begin XCConfigurationList section */
		38D123B027FE730F003E1BFD /* Build configuration list for PBXProject "TableviewExample" */ = {
			isa = XCConfigurationList;
			buildConfigurations = (
				38D123DD27FE7312003E1BFD /* Debug */,
				38D123DE27FE7312003E1BFD /* Release */,
			);
			defaultConfigurationIsVisible = 0;
			defaultConfigurationName = Release;
		};
		38D123DF27FE7312003E1BFD /* Build configuration list for PBXNativeTarget "TableviewExample" */ = {
			isa = XCConfigurationList;
			buildConfigurations = (
				38D123E027FE7312003E1BFD /* Debug */,
				38D123E127FE7312003E1BFD /* Release */,
			);
			defaultConfigurationIsVisible = 0;
			defaultConfigurationName = Release;
		};
		38D123E227FE7312003E1BFD /* Build configuration list for PBXNativeTarget "TableviewExampleTests" */ = {
			isa = XCConfigurationList;
			buildConfigurations = (
				38D123E327FE7312003E1BFD /* Debug */,
				38D123E427FE7312003E1BFD /* Release */,
			);
			defaultConfigurationIsVisible = 0;
			defaultConfigurationName = Release;
		};
		38D123E527FE7312003E1BFD /* Build configuration list for PBXNativeTarget "TableviewExampleUITests" */ = {
			isa = XCConfigurationList;
			buildConfigurations = (
				38D123E627FE7312003E1BFD /* Debug */,
				38D123E727FE7312003E1BFD /* Release */,
			);
			defaultConfigurationIsVisible = 0;
			defaultConfigurationName = Release;
		};
/* End XCConfigurationList section */
	};
	rootObject = 38D123AD27FE730F003E1BFD /* Project object */;
}
